
Microsoft Visual Studio Solution File, Format Version 12.00
# Visual Studio 15
VisualStudioVersion = 15.0.27130.2010
MinimumVisualStudioVersion = 10.0.40219.1
Project("{FAE04EC0-301F-11D3-BF4B-00C04F79EFBC}") = "Hacker3", "Hacker3\Hacker3.csproj", "{0EB16F1B-B3FA-434E-AD48-AB698BBB2E0A}"
EndProject
Global
	GlobalSection(SolutionConfigurationPlatforms) = preSolution
		Debug|Any CPU = Debug|Any CPU
		Release|Any CPU = Release|Any CPU
	EndGlobalSection
	GlobalSection(ProjectConfigurationPlatforms) = postSolution
		{0EB16F1B-B3FA-434E-AD48-AB698BBB2E0A}.Debug|Any CPU.ActiveCfg = Debug|Any CPU
		{0EB16F1B-B3FA-434E-AD48-AB698BBB2E0A}.Debug|Any CPU.Build.0 = Debug|Any CPU
		{0EB16F1B-B3FA-434E-AD48-AB698BBB2E0A}.Release|Any CPU.ActiveCfg = Release|Any CPU
		{0EB16F1B-B3FA-434E-AD48-AB698BBB2E0A}.Release|Any CPU.Build.0 = Release|Any CPU
	EndGlobalSection
	GlobalSection(SolutionProperties) = preSolution
		HideSolutionNode = FALSE
	EndGlobalSection
	GlobalSection(ExtensibilityGlobals) = postSolution
		SolutionGuid = {22616B02-3434-4201-9826-07EE7A1CF69F}
	EndGlobalSection
EndGlobal
